<?xml version="1.0" encoding="utf-8"?>
<Project ToolsVersion="4.0" xmlns="http://schemas.microsoft.com/developer/msbuild/2003">
  <ItemGroup>
    <Filter Include="Quelldateien">
      <UniqueIdentifier>{4FC737F1-C7A5-4376-A066-2A32D752A2FF}</UniqueIdentifier>
      <Extensions>cpp;c;cc;cxx;def;odl;idl;hpj;bat;asm;asmx</Extensions>
    </Filter>
    <Filter Include="Headerdateien">
      <UniqueIdentifier>{93995380-89BD-4b04-88EB-625FBE52EBFB}</UniqueIdentifier>
      <Extensions>h;hh;hpp;hxx;hm;inl;inc;xsd</Extensions>
    </Filter>
    <Filter Include="Ressourcendateien">
      <UniqueIdentifier>{67DA6AB6-F800-4c08-8B7A-83BB121AAD01}</UniqueIdentifier>
      <Extensions>rc;ico;cur;bmp;dlg;rc2;rct;bin;rgs;gif;jpg;jpeg;jpe;resx;tiff;tif;png;wav;mfcribbon-ms</Extensions>
    </Filter>
    <Filter Include="Headerdateien\SDK">
      <UniqueIdentifier>{2987158f-1eef-42e7-9504-c33584078578}</UniqueIdentifier>
    </Filter>
    <Filter Include="Quelldateien\Hooks">
      <UniqueIdentifier>{5f0d7a76-2b02-45a9-ade3-2673fc6d7f6c}</UniqueIdentifier>
    </Filter>
  </ItemGroup>
  <ItemGroup>
    <ClInclude Include="Includes.h">
      <Filter>Headerdateien</Filter>
    </ClInclude>
    <ClInclude Include="Logger.h">
      <Filter>Headerdateien</Filter>
    </ClInclude>
    <ClInclude Include="Utilities.h">
      <Filter>Headerdateien</Filter>
    </ClInclude>
    <ClInclude Include="Structures.h">
      <Filter>Headerdateien</Filter>
    </ClInclude>
    <ClInclude Include="SDK.h">
      <Filter>Headerdateien</Filter>
    </ClInclude>
    <ClInclude Include="ButtonCode.h">
      <Filter>Headerdateien\SDK</Filter>
    </ClInclude>
    <ClInclude Include="client_class.h">
      <Filter>Headerdateien\SDK</Filter>
    </ClInclude>
    <ClInclude Include="IBaseClientDll.h">
      <Filter>Headerdateien\SDK</Filter>
    </ClInclude>
    <ClInclude Include="HackManager.h">
      <Filter>Headerdateien</Filter>
    </ClInclude>
    <ClInclude Include="ihandleentity.h">
      <Filter>Headerdateien\SDK</Filter>
    </ClInclude>
    <ClInclude Include="iclientnetworkable.h">
      <Filter>Headerdateien\SDK</Filter>
    </ClInclude>
    <ClInclude Include="Globals.h">
      <Filter>Headerdateien</Filter>
    </ClInclude>
    <ClInclude Include="iclientunknown.h">
      <Filter>Headerdateien\SDK</Filter>
    </ClInclude>
    <ClInclude Include="RecvTable.h">
      <Filter>Headerdateien\SDK</Filter>
    </ClInclude>
    <ClInclude Include="VTable.h">
      <Filter>Headerdateien</Filter>
    </ClInclude>
    <ClInclude Include="InterfaceManager.h">
      <Filter>Headerdateien</Filter>
    </ClInclude>
    <ClInclude Include="Typedefs.h">
      <Filter>Headerdateien\SDK</Filter>
    </ClInclude>
    <ClInclude Include="ClientModeShared.h">
      <Filter>Headerdateien</Filter>
    </ClInclude>
    <ClInclude Include="CUserCmd.h">
      <Filter>Headerdateien\SDK</Filter>
    </ClInclude>
    <ClInclude Include="Vector.h">
      <Filter>Headerdateien\SDK</Filter>
    </ClInclude>
    <ClInclude Include="HookManager.h">
      <Filter>Headerdateien</Filter>
    </ClInclude>
    <ClInclude Include="IN_BUTTONS.h">
      <Filter>Headerdateien\SDK</Filter>
    </ClInclude>
  </ItemGroup>
  <ItemGroup>
    <ClCompile Include="dllmain.cpp">
      <Filter>Quelldateien</Filter>
    </ClCompile>
    <ClCompile Include="HackManager.cpp">
      <Filter>Quelldateien</Filter>
    </ClCompile>
    <ClCompile Include="Pointer.cpp">
      <Filter>Quelldateien</Filter>
    </ClCompile>
    <ClCompile Include="Logger.cpp">
      <Filter>Quelldateien</Filter>
    </ClCompile>
    <ClCompile Include="Utilities.cpp">
      <Filter>Quelldateien</Filter>
    </ClCompile>
    <ClCompile Include="Globals.cpp">
      <Filter>Quelldateien</Filter>
    </ClCompile>
    <ClCompile Include="InterfaceManager.cpp">
      <Filter>Quelldateien</Filter>
    </ClCompile>
    <ClCompile Include="HookManager.cpp">
      <Filter>Quelldateien</Filter>
    </ClCompile>
    <ClCompile Include="CreateMove.cpp">
      <Filter>Quelldateien\Hooks</Filter>
    </ClCompile>
  </ItemGroup>
</Project>